// !$*UTF8*$!
{
	archiveVersion = 1;
	classes = {
	};
	objectVersion = 46;
	objects = {

/* Begin PBXBuildFile section */
		9B05E7D71F0C2CA7001A0BB9 /* new.png in Resources */ = {isa = PBXBuildFile; fileRef = 9B05E7D51F0C2CA7001A0BB9 /* new.png */; };
		9B05E7D81F0C2CA7001A0BB9 /* play.png in Resources */ = {isa = PBXBuildFile; fileRef = 9B05E7D61F0C2CA7001A0BB9 /* play.png */; };
		9BE63CDA1F0AC1A400415B59 /* AppDelegate.swift in Sources */ = {isa = PBXBuildFile; fileRef = 9BE63CD91F0AC1A400415B59 /* AppDelegate.swift */; };
		9BE63CDC1F0AC1A400415B59 /* ViewController.swift in Sources */ = {isa = PBXBuildFile; fileRef = 9BE63CDB1F0AC1A400415B59 /* ViewController.swift */; };
		9BE63CDF1F0AC1A400415B59 /* Main.storyboard in Resources */ = {isa = PBXBuildFile; fileRef = 9BE63CDD1F0AC1A400415B59 /* Main.storyboard */; };
		9BE63CE11F0AC1A400415B59 /* Assets.xcassets in Resources */ = {isa = PBXBuildFile; fileRef = 9BE63CE01F0AC1A400415B59 /* Assets.xcassets */; };
		9BE63CE41F0AC1A400415B59 /* LaunchScreen.storyboard in Resources */ = {isa = PBXBuildFile; fileRef = 9BE63CE21F0AC1A400415B59 /* LaunchScreen.storyboard */; };
		9BE63CEE1F0AC1D200415B59 /* b2.png in Resources */ = {isa = PBXBuildFile; fileRef = 9BE63CEC1F0AC1D200415B59 /* b2.png */; };
		9BE63CEF1F0AC1D200415B59 /* b8.png in Resources */ = {isa = PBXBuildFile; fileRef = 9BE63CED1F0AC1D200415B59 /* b8.png */; };
		9BE63CF11F0AE0F800415B59 /* ring.png in Resources */ = {isa = PBXBuildFile; fileRef = 9BE63CF01F0AE0F800415B59 /* ring.png */; };
/* End PBXBuildFile section */

/* Begin PBXFileReference section */
		9B05E7D51F0C2CA7001A0BB9 /* new.png */ = {isa = PBXFileReference; lastKnownFileType = image.png; name = new.png; path = nouveau_visuel/new.png; sourceTree = "<group>"; };
		9B05E7D61F0C2CA7001A0BB9 /* play.png */ = {isa = PBXFileReference; lastKnownFileType = image.png; name = play.png; path = nouveau_visuel/play.png; sourceTree = "<group>"; };
		9BE63CD61F0AC1A400415B59 /* Contraintes.app */ = {isa = PBXFileReference; explicitFileType = wrapper.application; includeInIndex = 0; path = Contraintes.app; sourceTree = BUILT_PRODUCTS_DIR; };
		9BE63CD91F0AC1A400415B59 /* AppDelegate.swift */ = {isa = PBXFileReference; lastKnownFileType = sourcecode.swift; path = AppDelegate.swift; sourceTree = "<group>"; };
		9BE63CDB1F0AC1A400415B59 /* ViewController.swift */ = {isa = PBXFileReference; lastKnownFileType = sourcecode.swift; path = ViewController.swift; sourceTree = "<group>"; };
		9BE63CDE1F0AC1A400415B59 /* Base */ = {isa = PBXFileReference; lastKnownFileType = file.storyboard; name = Base; path = Base.lproj/Main.storyboard; sourceTree = "<group>"; };
		9BE63CE01F0AC1A400415B59 /* Assets.xcassets */ = {isa = PBXFileReference; lastKnownFileType = folder.assetcatalog; path = Assets.xcassets; sourceTree = "<group>"; };
		9BE63CE31F0AC1A400415B59 /* Base */ = {isa = PBXFileReference; lastKnownFileType = file.storyboard; name = Base; path = Base.lproj/LaunchScreen.storyboard; sourceTree = "<group>"; };
		9BE63CE51F0AC1A500415B59 /* Info.plist */ = {isa = PBXFileReference; lastKnownFileType = text.plist.xml; path = Info.plist; sourceTree = "<group>"; };
		9BE63CEC1F0AC1D200415B59 /* b2.png */ = {isa = PBXFileReference; lastKnownFileType = image.png; name = b2.png; path = nouveau_visuel/b2.png; sourceTree = "<group>"; };
		9BE63CED1F0AC1D200415B59 /* b8.png */ = {isa = PBXFileReference; lastKnownFileType = image.png; name = b8.png; path = nouveau_visuel/b8.png; sourceTree = "<group>"; };
		9BE63CF01F0AE0F800415B59 /* ring.png */ = {isa = PBXFileReference; lastKnownFileType = image.png; name = ring.png; path = nouveau_visuel/ring.png; sourceTree = "<group>"; };
/* End PBXFileReference section */

/* Begin PBXFrameworksBuildPhase section */
		9BE63CD31F0AC1A400415B59 /* Frameworks */ = {
			isa = PBXFrameworksBuildPhase;
			buildActionMask = 2147483647;
			files = (
			);
			runOnlyForDeploymentPostprocessing = 0;
		};
/* End PBXFrameworksBuildPhase section */

/* Begin PBXGroup section */
		9BE63CCD1F0AC1A400415B59 = {
			isa = PBXGroup;
			children = (
				9BE63CD81F0AC1A400415B59 /* Contraintes */,
				9BE63CD71F0AC1A400415B59 /* Products */,
			);
			sourceTree = "<group>";
		};
		9BE63CD71F0AC1A400415B59 /* Products */ = {
			isa = PBXGroup;
			children = (
				9BE63CD61F0AC1A400415B59 /* Contraintes.app */,
			);
			name = Products;
			sourceTree = "<group>";
		};
		9BE63CD81F0AC1A400415B59 /* Contraintes */ = {
			isa = PBXGroup;
			children = (
				9BE63CEB1F0AC1C500415B59 /* images */,
				9BE63CD91F0AC1A400415B59 /* AppDelegate.swift */,
				9BE63CDB1F0AC1A400415B59 /* ViewController.swift */,
				9BE63CDD1F0AC1A400415B59 /* Main.storyboard */,
				9BE63CE01F0AC1A400415B59 /* Assets.xcassets */,
				9BE63CE21F0AC1A400415B59 /* LaunchScreen.storyboard */,
				9BE63CE51F0AC1A500415B59 /* Info.plist */,
			);
			path = Contraintes;
			sourceTree = "<group>";
		};
		9BE63CEB1F0AC1C500415B59 /* images */ = {
			isa = PBXGroup;
			children = (
				9B05E7D51F0C2CA7001A0BB9 /* new.png */,
				9B05E7D61F0C2CA7001A0BB9 /* play.png */,
				9BE63CF01F0AE0F800415B59 /* ring.png */,
				9BE63CEC1F0AC1D200415B59 /* b2.png */,
				9BE63CED1F0AC1D200415B59 /* b8.png */,
			);
			name = images;
			sourceTree = "<group>";
		};
/* End PBXGroup section */

/* Begin PBXNativeTarget section */
		9BE63CD51F0AC1A400415B59 /* Contraintes */ = {
			isa = PBXNativeTarget;
			buildConfigurationList = 9BE63CE81F0AC1A500415B59 /* Build configuration list for PBXNativeTarget "Contraintes" */;
			buildPhases = (
				9BE63CD21F0AC1A400415B59 /* Sources */,
				9BE63CD31F0AC1A400415B59 /* Frameworks */,
				9BE63CD41F0AC1A400415B59 /* Resources */,
			);
			buildRules = (
			);
			dependencies = (
			);
			name = Contraintes;
			productName = Contraintes;
			productReference = 9BE63CD61F0AC1A400415B59 /* Contraintes.app */;
			productType = "com.apple.product-type.application";
		};
/* End PBXNativeTarget section */

/* Begin PBXProject section */
		9BE63CCE1F0AC1A400415B59 /* Project object */ = {
			isa = PBXProject;
			attributes = {
				LastSwiftUpdateCheck = 0820;
				LastUpgradeCheck = 0820;
				ORGANIZATIONNAME = eleves;
				TargetAttributes = {
					9BE63CD51F0AC1A400415B59 = {
						CreatedOnToolsVersion = 8.2;
						ProvisioningStyle = Automatic;
					};
				};
			};
			buildConfigurationList = 9BE63CD11F0AC1A400415B59 /* Build configuration list for PBXProject "Contraintes" */;
			compatibilityVersion = "Xcode 3.2";
			developmentRegion = English;
			hasScannedForEncodings = 0;
			knownRegions = (
				en,
				Base,
			);
			mainGroup = 9BE63CCD1F0AC1A400415B59;
			productRefGroup = 9BE63CD71F0AC1A400415B59 /* Products */;
			projectDirPath = "";
			projectRoot = "";
			targets = (
				9BE63CD51F0AC1A400415B59 /* Contraintes */,
			);
		};
/* End PBXProject section */

/* Begin PBXResourcesBuildPhase section */
		9BE63CD41F0AC1A400415B59 /* Resources */ = {
			isa = PBXResourcesBuildPhase;
			buildActionMask = 2147483647;
			files = (
				9BE63CEF1F0AC1D200415B59 /* b8.png in Resources */,
				9B05E7D81F0C2CA7001A0BB9 /* play.png in Resources */,
				9B05E7D71F0C2CA7001A0BB9 /* new.png in Resources */,
				9BE63CE41F0AC1A400415B59 /* LaunchScreen.storyboard in Resources */,
				9BE63CEE1F0AC1D200415B59 /* b2.png in Resources */,
				9BE63CE11F0AC1A400415B59 /* Assets.xcassets in Resources */,
				9BE63CDF1F0AC1A400415B59 /* Main.storyboard in Resources */,
				9BE63CF11F0AE0F800415B59 /* ring.png in Resources */,
			);
			runOnlyForDeploymentPostprocessing = 0;
		};
/* End PBXResourcesBuildPhase section */

/* Begin PBXSourcesBuildPhase section */
		9BE63CD21F0AC1A400415B59 /* Sources */ = {
			isa = PBXSourcesBuildPhase;
			buildActionMask = 2147483647;
			files = (
				9BE63CDC1F0AC1A400415B59 /* ViewController.swift in Sources */,
				9BE63CDA1F0AC1A400415B59 /* AppDelegate.swift in Sources */,
			);
			runOnlyForDeploymentPostprocessing = 0;
		};
/* End PBXSourcesBuildPhase section */

/* Begin PBXVariantGroup section */
		9BE63CDD1F0AC1A400415B59 /* Main.storyboard */ = {
			isa = PBXVariantGroup;
			children = (
				9BE63CDE1F0AC1A400415B59 /* Base */,
			);
			name = Main.storyboard;
			sourceTree = "<group>";
		};
		9BE63CE21F0AC1A400415B59 /* LaunchScreen.storyboard */ = {
			isa = PBXVariantGroup;
			children = (
				9BE63CE31F0AC1A400415B59 /* Base */,
			);
			name = LaunchScreen.storyboard;
			sourceTree = "<group>";
		};
/* End PBXVariantGroup section */

/* Begin XCBuildConfiguration section */
		9BE63CE61F0AC1A500415B59 /* Debug */ = {
			isa = XCBuildConfiguration;
			buildSettings = {
				ALWAYS_SEARCH_USER_PATHS = NO;
				CLANG_ANALYZER_NONNULL = YES;
				CLANG_CXX_LANGUAGE_STANDARD = "gnu++0x";
				CLANG_CXX_LIBRARY = "libc++";
				CLANG_ENABLE_MODULES = YES;
				CLANG_ENABLE_OBJC_ARC = YES;
				CLANG_WARN_BOOL_CONVERSION = YES;
				CLANG_WARN_CONSTANT_CONVERSION = YES;
				CLANG_WARN_DIRECT_OBJC_ISA_USAGE = YES_ERROR;
				CLANG_WARN_DOCUMENTATION_COMMENTS = YES;
				CLANG_WARN_EMPTY_BODY = YES;
				CLANG_WARN_ENUM_CONVERSION = YES;
				CLANG_WARN_INFINITE_RECURSION = YES;
				CLANG_WARN_INT_CONVERSION = YES;
				CLANG_WARN_OBJC_ROOT_CLASS = YES_ERROR;
				CLANG_WARN_SUSPICIOUS_MOVE = YES;
				CLANG_WARN_UNREACHABLE_CODE = YES;
				CLANG_WARN__DUPLICATE_METHOD_MATCH = YES;
				"CODE_SIGN_IDENTITY[sdk=iphoneos*]" = "iPhone Developer";
				COPY_PHASE_STRIP = NO;
				DEBUG_INFORMATION_FORMAT = dwarf;
				ENABLE_STRICT_OBJC_MSGSEND = YES;
				ENABLE_TESTABILITY = YES;
				GCC_C_LANGUAGE_STANDARD = gnu99;
				GCC_DYNAMIC_NO_PIC = NO;
				GCC_NO_COMMON_BLOCKS = YES;
				GCC_OPTIMIZATION_LEVEL = 0;
				GCC_PREPROCESSOR_DEFINITIONS = (
					"DEBUG=1",
					"$(inherited)",
				);
				GCC_WARN_64_TO_32_BIT_CONVERSION = YES;
				GCC_WARN_ABOUT_RETURN_TYPE = YES_ERROR;
				GCC_WARN_UNDECLARED_SELECTOR = YES;
				GCC_WARN_UNINITIALIZED_AUTOS = YES_AGGRESSIVE;
				GCC_WARN_UNUSED_FUNCTION = YES;
				GCC_WARN_UNUSED_VARIABLE = YES;
				IPHONEOS_DEPLOYMENT_TARGET = 10.2;
				MTL_ENABLE_DEBUG_INFO = YES;
				ONLY_ACTIVE_ARCH = YES;
				SDKROOT = iphoneos;
				SWIFT_ACTIVE_COMPILATION_CONDITIONS = DEBUG;
				SWIFT_OPTIMIZATION_LEVEL = "-Onone";
				TARGETED_DEVICE_FAMILY = "1,2";
			};
			name = Debug;
		};
		9BE63CE71F0AC1A500415B59 /* Release */ = {
			isa = XCBuildConfiguration;
			buildSettings = {
				ALWAYS_SEARCH_USER_PATHS = NO;
				CLANG_ANALYZER_NONNULL = YES;
				CLANG_CXX_LANGUAGE_STANDARD = "gnu++0x";
				CLANG_CXX_LIBRARY = "libc++";
				CLANG_ENABLE_MODULES = YES;
				CLANG_ENABLE_OBJC_ARC = YES;
				CLANG_WARN_BOOL_CONVERSION = YES;
				CLANG_WARN_CONSTANT_CONVERSION = YES;
				CLANG_WARN_DIRECT_OBJC_ISA_USAGE = YES_ERROR;
				CLANG_WARN_DOCUMENTATION_COMMENTS = YES;
				CLANG_WARN_EMPTY_BODY = YES;
				CLANG_WARN_ENUM_CONVERSION = YES;
				CLANG_WARN_INFINITE_RECURSION = YES;
				CLANG_WARN_INT_CONVERSION = YES;
				CLANG_WARN_OBJC_ROOT_CLASS = YES_ERROR;
				CLANG_WARN_SUSPICIOUS_MOVE = YES;
				CLANG_WARN_UNREACHABLE_CODE = YES;
				CLANG_WARN__DUPLICATE_METHOD_MATCH = YES;
				"CODE_SIGN_IDENTITY[sdk=iphoneos*]" = "iPhone Developer";
				COPY_PHASE_STRIP = NO;
				DEBUG_INFORMATION_FORMAT = "dwarf-with-dsym";
				ENABLE_NS_ASSERTIONS = NO;
				ENABLE_STRICT_OBJC_MSGSEND = YES;
				GCC_C_LANGUAGE_STANDARD = gnu99;
				GCC_NO_COMMON_BLOCKS = YES;
				GCC_WARN_64_TO_32_BIT_CONVERSION = YES;
				GCC_WARN_ABOUT_RETURN_TYPE = YES_ERROR;
				GCC_WARN_UNDECLARED_SELECTOR = YES;
				GCC_WARN_UNINITIALIZED_AUTOS = YES_AGGRESSIVE;
				GCC_WARN_UNUSED_FUNCTION = YES;
				GCC_WARN_UNUSED_VARIABLE = YES;
				IPHONEOS_DEPLOYMENT_TARGET = 10.2;
				MTL_ENABLE_DEBUG_INFO = NO;
				SDKROOT = iphoneos;
				SWIFT_OPTIMIZATION_LEVEL = "-Owholemodule";
				TARGETED_DEVICE_FAMILY = "1,2";
				VALIDATE_PRODUCT = YES;
			};
			name = Release;
		};
		9BE63CE91F0AC1A500415B59 /* Debug */ = {
			isa = XCBuildConfiguration;
			buildSettings = {
				ASSETCATALOG_COMPILER_APPICON_NAME = AppIcon;
				INFOPLIST_FILE = Contraintes/Info.plist;
				LD_RUNPATH_SEARCH_PATHS = "$(inherited) @executable_path/Frameworks";
				PRODUCT_BUNDLE_IDENTIFIER = com.mariogeneau.Contraintes;
				PRODUCT_NAME = "$(TARGET_NAME)";
				SWIFT_VERSION = 3.0;
			};
			name = Debug;
		};
		9BE63CEA1F0AC1A500415B59 /* Release */ = {
			isa = XCBuildConfiguration;
			buildSettings = {
				ASSETCATALOG_COMPILER_APPICON_NAME = AppIcon;
				INFOPLIST_FILE = Contraintes/Info.plist;
				LD_RUNPATH_SEARCH_PATHS = "$(inherited) @executable_path/Frameworks";
				PRODUCT_BUNDLE_IDENTIFIER = com.mariogeneau.Contraintes;
				PRODUCT_NAME = "$(TARGET_NAME)";
				SWIFT_VERSION = 3.0;
			};
			name = Release;
		};
/* End XCBuildConfiguration section */

/* Begin XCConfigurationList section */
		9BE63CD11F0AC1A400415B59 /* Build configuration list for PBXProject "Contraintes" */ = {
			isa = XCConfigurationList;
			buildConfigurations = (
				9BE63CE61F0AC1A500415B59 /* Debug */,
				9BE63CE71F0AC1A500415B59 /* Release */,
			);
			defaultConfigurationIsVisible = 0;
			defaultConfigurationName = Release;
		};
		9BE63CE81F0AC1A500415B59 /* Build configuration list for PBXNativeTarget "Contraintes" */ = {
			isa = XCConfigurationList;
			buildConfigurations = (
				9BE63CE91F0AC1A500415B59 /* Debug */,
				9BE63CEA1F0AC1A500415B59 /* Release */,
			);
			defaultConfigurationIsVisible = 0;
			defaultConfigurationName = Release;
		};
/* End XCConfigurationList section */
	};
	rootObject = 9BE63CCE1F0AC1A400415B59 /* Project object */;
}
